// !$*UTF8*$!
{
	archiveVersion = 1;
	classes = {
	};
	objectVersion = 55;
	objects = {

/* Begin PBXBuildFile section */
		359E206928E8971100984029 /* SchoolsListViewController.swift in Sources */ = {isa = PBXBuildFile; fileRef = 359E206828E8971100984029 /* SchoolsListViewController.swift */; };
		359E206D28E8BD5400984029 /* Network.swift in Sources */ = {isa = PBXBuildFile; fileRef = 359E206C28E8BD5400984029 /* Network.swift */; };
		359E207228E8BDA300984029 /* Schools.swift in Sources */ = {isa = PBXBuildFile; fileRef = 359E206E28E8BDA300984029 /* Schools.swift */; };
		359E207628E8BE4E00984029 /* DecodableDefaults.swift in Sources */ = {isa = PBXBuildFile; fileRef = 359E207528E8BE4E00984029 /* DecodableDefaults.swift */; };
		359E207928E8C4C200984029 /* StringListViewController.swift in Sources */ = {isa = PBXBuildFile; fileRef = 359E207828E8C4C200984029 /* StringListViewController.swift */; };
		359E207B28E8F8F600984029 /* SchoolListHeaderView.swift in Sources */ = {isa = PBXBuildFile; fileRef = 359E207A28E8F8F600984029 /* SchoolListHeaderView.swift */; };
		359E207D28E8F92500984029 /* MySchoolTableCell.swift in Sources */ = {isa = PBXBuildFile; fileRef = 359E207C28E8F92500984029 /* MySchoolTableCell.swift */; };
		359E207F28E8FCDC00984029 /* SchoolDetailsViewController.swift in Sources */ = {isa = PBXBuildFile; fileRef = 359E207E28E8FCDC00984029 /* SchoolDetailsViewController.swift */; };
		359E208228E9022700984029 /* DispatchQueueExtension.swift in Sources */ = {isa = PBXBuildFile; fileRef = 359E208128E9022700984029 /* DispatchQueueExtension.swift */; };
		35D7BCDC28E733FA001F4A8E /* AppDelegate.swift in Sources */ = {isa = PBXBuildFile; fileRef = 35D7BCDB28E733FA001F4A8E /* AppDelegate.swift */; };
		35D7BCDE28E733FA001F4A8E /* SceneDelegate.swift in Sources */ = {isa = PBXBuildFile; fileRef = 35D7BCDD28E733FA001F4A8E /* SceneDelegate.swift */; };
		35D7BCE028E733FA001F4A8E /* ViewController.swift in Sources */ = {isa = PBXBuildFile; fileRef = 35D7BCDF28E733FA001F4A8E /* ViewController.swift */; };
		35D7BCE328E733FA001F4A8E /* Main.storyboard in Resources */ = {isa = PBXBuildFile; fileRef = 35D7BCE128E733FA001F4A8E /* Main.storyboard */; };
		35D7BCE528E733FC001F4A8E /* Assets.xcassets in Resources */ = {isa = PBXBuildFile; fileRef = 35D7BCE428E733FC001F4A8E /* Assets.xcassets */; };
		35D7BCE828E733FC001F4A8E /* LaunchScreen.storyboard in Resources */ = {isa = PBXBuildFile; fileRef = 35D7BCE628E733FC001F4A8E /* LaunchScreen.storyboard */; };
		35D7BCF328E733FC001F4A8E /* NYCSchoolsTests.swift in Sources */ = {isa = PBXBuildFile; fileRef = 35D7BCF228E733FC001F4A8E /* NYCSchoolsTests.swift */; };
		35D7BCFD28E733FC001F4A8E /* NYCSchoolsUITests.swift in Sources */ = {isa = PBXBuildFile; fileRef = 35D7BCFC28E733FC001F4A8E /* NYCSchoolsUITests.swift */; };
		35D7BCFF28E733FC001F4A8E /* NYCSchoolsUITestsLaunchTests.swift in Sources */ = {isa = PBXBuildFile; fileRef = 35D7BCFE28E733FC001F4A8E /* NYCSchoolsUITestsLaunchTests.swift */; };
/* End PBXBuildFile section */

/* Begin PBXContainerItemProxy section */
		35D7BCEF28E733FC001F4A8E /* PBXContainerItemProxy */ = {
			isa = PBXContainerItemProxy;
			containerPortal = 35D7BCD028E733FA001F4A8E /* Project object */;
			proxyType = 1;
			remoteGlobalIDString = 35D7BCD728E733FA001F4A8E;
			remoteInfo = NYCSchools;
		};
		35D7BCF928E733FC001F4A8E /* PBXContainerItemProxy */ = {
			isa = PBXContainerItemProxy;
			containerPortal = 35D7BCD028E733FA001F4A8E /* Project object */;
			proxyType = 1;
			remoteGlobalIDString = 35D7BCD728E733FA001F4A8E;
			remoteInfo = NYCSchools;
		};
/* End PBXContainerItemProxy section */

/* Begin PBXFileReference section */
		359E205428E75F1D00984029 /* Services.framework */ = {isa = PBXFileReference; explicitFileType = wrapper.framework; path = Services.framework; sourceTree = BUILT_PRODUCTS_DIR; };
		359E206828E8971100984029 /* SchoolsListViewController.swift */ = {isa = PBXFileReference; lastKnownFileType = sourcecode.swift; path = SchoolsListViewController.swift; sourceTree = "<group>"; };
		359E206C28E8BD5400984029 /* Network.swift */ = {isa = PBXFileReference; fileEncoding = 4; lastKnownFileType = sourcecode.swift; path = Network.swift; sourceTree = "<group>"; };
		359E206E28E8BDA300984029 /* Schools.swift */ = {isa = PBXFileReference; fileEncoding = 4; lastKnownFileType = sourcecode.swift; path = Schools.swift; sourceTree = "<group>"; };
		359E207528E8BE4E00984029 /* DecodableDefaults.swift */ = {isa = PBXFileReference; fileEncoding = 4; lastKnownFileType = sourcecode.swift; path = DecodableDefaults.swift; sourceTree = "<group>"; };
		359E207828E8C4C200984029 /* StringListViewController.swift */ = {isa = PBXFileReference; lastKnownFileType = sourcecode.swift; path = StringListViewController.swift; sourceTree = "<group>"; };
		359E207A28E8F8F600984029 /* SchoolListHeaderView.swift */ = {isa = PBXFileReference; lastKnownFileType = sourcecode.swift; path = SchoolListHeaderView.swift; sourceTree = "<group>"; };
		359E207C28E8F92500984029 /* MySchoolTableCell.swift */ = {isa = PBXFileReference; lastKnownFileType = sourcecode.swift; path = MySchoolTableCell.swift; sourceTree = "<group>"; };
		359E207E28E8FCDC00984029 /* SchoolDetailsViewController.swift */ = {isa = PBXFileReference; lastKnownFileType = sourcecode.swift; path = SchoolDetailsViewController.swift; sourceTree = "<group>"; };
		359E208128E9022700984029 /* DispatchQueueExtension.swift */ = {isa = PBXFileReference; lastKnownFileType = sourcecode.swift; path = DispatchQueueExtension.swift; sourceTree = "<group>"; };
		35D7BCD828E733FA001F4A8E /* NYCSchools.app */ = {isa = PBXFileReference; explicitFileType = wrapper.application; includeInIndex = 0; path = NYCSchools.app; sourceTree = BUILT_PRODUCTS_DIR; };
		35D7BCDB28E733FA001F4A8E /* AppDelegate.swift */ = {isa = PBXFileReference; lastKnownFileType = sourcecode.swift; path = AppDelegate.swift; sourceTree = "<group>"; };
		35D7BCDD28E733FA001F4A8E /* SceneDelegate.swift */ = {isa = PBXFileReference; lastKnownFileType = sourcecode.swift; path = SceneDelegate.swift; sourceTree = "<group>"; };
		35D7BCDF28E733FA001F4A8E /* ViewController.swift */ = {isa = PBXFileReference; lastKnownFileType = sourcecode.swift; path = ViewController.swift; sourceTree = "<group>"; };
		35D7BCE228E733FA001F4A8E /* Base */ = {isa = PBXFileReference; lastKnownFileType = file.storyboard; name = Base; path = Base.lproj/Main.storyboard; sourceTree = "<group>"; };
		35D7BCE428E733FC001F4A8E /* Assets.xcassets */ = {isa = PBXFileReference; lastKnownFileType = folder.assetcatalog; path = Assets.xcassets; sourceTree = "<group>"; };
		35D7BCE728E733FC001F4A8E /* Base */ = {isa = PBXFileReference; lastKnownFileType = file.storyboard; name = Base; path = Base.lproj/LaunchScreen.storyboard; sourceTree = "<group>"; };
		35D7BCE928E733FC001F4A8E /* Info.plist */ = {isa = PBXFileReference; lastKnownFileType = text.plist.xml; path = Info.plist; sourceTree = "<group>"; };
		35D7BCEE28E733FC001F4A8E /* NYCSchoolsTests.xctest */ = {isa = PBXFileReference; explicitFileType = wrapper.cfbundle; includeInIndex = 0; path = NYCSchoolsTests.xctest; sourceTree = BUILT_PRODUCTS_DIR; };
		35D7BCF228E733FC001F4A8E /* NYCSchoolsTests.swift */ = {isa = PBXFileReference; lastKnownFileType = sourcecode.swift; path = NYCSchoolsTests.swift; sourceTree = "<group>"; };
		35D7BCF828E733FC001F4A8E /* NYCSchoolsUITests.xctest */ = {isa = PBXFileReference; explicitFileType = wrapper.cfbundle; includeInIndex = 0; path = NYCSchoolsUITests.xctest; sourceTree = BUILT_PRODUCTS_DIR; };
		35D7BCFC28E733FC001F4A8E /* NYCSchoolsUITests.swift */ = {isa = PBXFileReference; lastKnownFileType = sourcecode.swift; path = NYCSchoolsUITests.swift; sourceTree = "<group>"; };
		35D7BCFE28E733FC001F4A8E /* NYCSchoolsUITestsLaunchTests.swift */ = {isa = PBXFileReference; lastKnownFileType = sourcecode.swift; path = NYCSchoolsUITestsLaunchTests.swift; sourceTree = "<group>"; };
		35D7BD5628E7416A001F4A8E /* Utilities.framework */ = {isa = PBXFileReference; explicitFileType = wrapper.framework; path = Utilities.framework; sourceTree = BUILT_PRODUCTS_DIR; };
/* End PBXFileReference section */

/* Begin PBXFrameworksBuildPhase section */
		35D7BCD528E733FA001F4A8E /* Frameworks */ = {
			isa = PBXFrameworksBuildPhase;
			buildActionMask = 2147483647;
			files = (
			);
			runOnlyForDeploymentPostprocessing = 0;
		};
		35D7BCEB28E733FC001F4A8E /* Frameworks */ = {
			isa = PBXFrameworksBuildPhase;
			buildActionMask = 2147483647;
			files = (
			);
			runOnlyForDeploymentPostprocessing = 0;
		};
		35D7BCF528E733FC001F4A8E /* Frameworks */ = {
			isa = PBXFrameworksBuildPhase;
			buildActionMask = 2147483647;
			files = (
			);
			runOnlyForDeploymentPostprocessing = 0;
		};
/* End PBXFrameworksBuildPhase section */

/* Begin PBXGroup section */
		359E206A28E8BD1C00984029 /* Services */ = {
			isa = PBXGroup;
			children = (
				359E207528E8BE4E00984029 /* DecodableDefaults.swift */,
				359E206E28E8BDA300984029 /* Schools.swift */,
			);
			path = Services;
			sourceTree = "<group>";
		};
		359E206B28E8BD2500984029 /* Utilities */ = {
			isa = PBXGroup;
			children = (
				359E206C28E8BD5400984029 /* Network.swift */,
			);
			path = Utilities;
			sourceTree = "<group>";
		};
		359E207728E8BEBA00984029 /* UI */ = {
			isa = PBXGroup;
			children = (
				359E206828E8971100984029 /* SchoolsListViewController.swift */,
				35D7BCDF28E733FA001F4A8E /* ViewController.swift */,
				359E207828E8C4C200984029 /* StringListViewController.swift */,
				359E207A28E8F8F600984029 /* SchoolListHeaderView.swift */,
				359E207C28E8F92500984029 /* MySchoolTableCell.swift */,
				359E207E28E8FCDC00984029 /* SchoolDetailsViewController.swift */,
			);
			path = UI;
			sourceTree = "<group>";
		};
		359E208028E9021200984029 /* Extensions */ = {
			isa = PBXGroup;
			children = (
				359E208128E9022700984029 /* DispatchQueueExtension.swift */,
			);
			path = Extensions;
			sourceTree = "<group>";
		};
		35D7BCCF28E733FA001F4A8E = {
			isa = PBXGroup;
			children = (
				35D7BCDA28E733FA001F4A8E /* NYCSchools */,
				35D7BCF128E733FC001F4A8E /* NYCSchoolsTests */,
				35D7BCFB28E733FC001F4A8E /* NYCSchoolsUITests */,
				35D7BCD928E733FA001F4A8E /* Products */,
				35D7BD5528E7416A001F4A8E /* Frameworks */,
			);
			sourceTree = "<group>";
		};
		35D7BCD928E733FA001F4A8E /* Products */ = {
			isa = PBXGroup;
			children = (
				35D7BCD828E733FA001F4A8E /* NYCSchools.app */,
				35D7BCEE28E733FC001F4A8E /* NYCSchoolsTests.xctest */,
				35D7BCF828E733FC001F4A8E /* NYCSchoolsUITests.xctest */,
			);
			name = Products;
			sourceTree = "<group>";
		};
		35D7BCDA28E733FA001F4A8E /* NYCSchools */ = {
			isa = PBXGroup;
			children = (
				359E208028E9021200984029 /* Extensions */,
				359E207728E8BEBA00984029 /* UI */,
				359E206B28E8BD2500984029 /* Utilities */,
				359E206A28E8BD1C00984029 /* Services */,
				35D7BCDB28E733FA001F4A8E /* AppDelegate.swift */,
				35D7BCDD28E733FA001F4A8E /* SceneDelegate.swift */,
				35D7BCE128E733FA001F4A8E /* Main.storyboard */,
				35D7BCE428E733FC001F4A8E /* Assets.xcassets */,
				35D7BCE628E733FC001F4A8E /* LaunchScreen.storyboard */,
				35D7BCE928E733FC001F4A8E /* Info.plist */,
			);
			path = NYCSchools;
			sourceTree = "<group>";
		};
		35D7BCF128E733FC001F4A8E /* NYCSchoolsTests */ = {
			isa = PBXGroup;
			children = (
				35D7BCF228E733FC001F4A8E /* NYCSchoolsTests.swift */,
			);
			path = NYCSchoolsTests;
			sourceTree = "<group>";
		};
		35D7BCFB28E733FC001F4A8E /* NYCSchoolsUITests */ = {
			isa = PBXGroup;
			children = (
				35D7BCFC28E733FC001F4A8E /* NYCSchoolsUITests.swift */,
				35D7BCFE28E733FC001F4A8E /* NYCSchoolsUITestsLaunchTests.swift */,
			);
			path = NYCSchoolsUITests;
			sourceTree = "<group>";
		};
		35D7BD5528E7416A001F4A8E /* Frameworks */ = {
			isa = PBXGroup;
			children = (
				359E205428E75F1D00984029 /* Services.framework */,
				35D7BD5628E7416A001F4A8E /* Utilities.framework */,
			);
			name = Frameworks;
			sourceTree = "<group>";
		};
/* End PBXGroup section */

/* Begin PBXNativeTarget section */
		35D7BCD728E733FA001F4A8E /* NYCSchools */ = {
			isa = PBXNativeTarget;
			buildConfigurationList = 35D7BD0228E733FC001F4A8E /* Build configuration list for PBXNativeTarget "NYCSchools" */;
			buildPhases = (
				35D7BCD428E733FA001F4A8E /* Sources */,
				35D7BCD528E733FA001F4A8E /* Frameworks */,
				35D7BCD628E733FA001F4A8E /* Resources */,
			);
			buildRules = (
			);
			dependencies = (
			);
			name = NYCSchools;
			productName = NYCSchools;
			productReference = 35D7BCD828E733FA001F4A8E /* NYCSchools.app */;
			productType = "com.apple.product-type.application";
		};
		35D7BCED28E733FC001F4A8E /* NYCSchoolsTests */ = {
			isa = PBXNativeTarget;
			buildConfigurationList = 35D7BD0528E733FC001F4A8E /* Build configuration list for PBXNativeTarget "NYCSchoolsTests" */;
			buildPhases = (
				35D7BCEA28E733FC001F4A8E /* Sources */,
				35D7BCEB28E733FC001F4A8E /* Frameworks */,
				35D7BCEC28E733FC001F4A8E /* Resources */,
			);
			buildRules = (
			);
			dependencies = (
				35D7BCF028E733FC001F4A8E /* PBXTargetDependency */,
			);
			name = NYCSchoolsTests;
			productName = NYCSchoolsTests;
			productReference = 35D7BCEE28E733FC001F4A8E /* NYCSchoolsTests.xctest */;
			productType = "com.apple.product-type.bundle.unit-test";
		};
		35D7BCF728E733FC001F4A8E /* NYCSchoolsUITests */ = {
			isa = PBXNativeTarget;
			buildConfigurationList = 35D7BD0828E733FC001F4A8E /* Build configuration list for PBXNativeTarget "NYCSchoolsUITests" */;
			buildPhases = (
				35D7BCF428E733FC001F4A8E /* Sources */,
				35D7BCF528E733FC001F4A8E /* Frameworks */,
				35D7BCF628E733FC001F4A8E /* Resources */,
			);
			buildRules = (
			);
			dependencies = (
				35D7BCFA28E733FC001F4A8E /* PBXTargetDependency */,
			);
			name = NYCSchoolsUITests;
			productName = NYCSchoolsUITests;
			productReference = 35D7BCF828E733FC001F4A8E /* NYCSchoolsUITests.xctest */;
			productType = "com.apple.product-type.bundle.ui-testing";
		};
/* End PBXNativeTarget section */

/* Begin PBXProject section */
		35D7BCD028E733FA001F4A8E /* Project object */ = {
			isa = PBXProject;
			attributes = {
				BuildIndependentTargetsInParallel = 1;
				LastSwiftUpdateCheck = 1340;
				LastUpgradeCheck = 1340;
				TargetAttributes = {
					35D7BCD728E733FA001F4A8E = {
						CreatedOnToolsVersion = 13.4.1;
					};
					35D7BCED28E733FC001F4A8E = {
						CreatedOnToolsVersion = 13.4.1;
						TestTargetID = 35D7BCD728E733FA001F4A8E;
					};
					35D7BCF728E733FC001F4A8E = {
						CreatedOnToolsVersion = 13.4.1;
						TestTargetID = 35D7BCD728E733FA001F4A8E;
					};
				};
			};
			buildConfigurationList = 35D7BCD328E733FA001F4A8E /* Build configuration list for PBXProject "NYCSchools" */;
			compatibilityVersion = "Xcode 13.0";
			developmentRegion = en;
			hasScannedForEncodings = 0;
			knownRegions = (
				en,
				Base,
			);
			mainGroup = 35D7BCCF28E733FA001F4A8E;
			productRefGroup = 35D7BCD928E733FA001F4A8E /* Products */;
			projectDirPath = "";
			projectRoot = "";
			targets = (
				35D7BCD728E733FA001F4A8E /* NYCSchools */,
				35D7BCED28E733FC001F4A8E /* NYCSchoolsTests */,
				35D7BCF728E733FC001F4A8E /* NYCSchoolsUITests */,
			);
		};
/* End PBXProject section */

/* Begin PBXResourcesBuildPhase section */
		35D7BCD628E733FA001F4A8E /* Resources */ = {
			isa = PBXResourcesBuildPhase;
			buildActionMask = 2147483647;
			files = (
				35D7BCE828E733FC001F4A8E /* LaunchScreen.storyboard in Resources */,
				35D7BCE528E733FC001F4A8E /* Assets.xcassets in Resources */,
				35D7BCE328E733FA001F4A8E /* Main.storyboard in Resources */,
			);
			runOnlyForDeploymentPostprocessing = 0;
		};
		35D7BCEC28E733FC001F4A8E /* Resources */ = {
			isa = PBXResourcesBuildPhase;
			buildActionMask = 2147483647;
			files = (
			);
			runOnlyForDeploymentPostprocessing = 0;
		};
		35D7BCF628E733FC001F4A8E /* Resources */ = {
			isa = PBXResourcesBuildPhase;
			buildActionMask = 2147483647;
			files = (
			);
			runOnlyForDeploymentPostprocessing = 0;
		};
/* End PBXResourcesBuildPhase section */

/* Begin PBXSourcesBuildPhase section */
		35D7BCD428E733FA001F4A8E /* Sources */ = {
			isa = PBXSourcesBuildPhase;
			buildActionMask = 2147483647;
			files = (
				359E206D28E8BD5400984029 /* Network.swift in Sources */,
				359E207228E8BDA300984029 /* Schools.swift in Sources */,
				359E206928E8971100984029 /* SchoolsListViewController.swift in Sources */,
				359E207928E8C4C200984029 /* StringListViewController.swift in Sources */,
				359E207F28E8FCDC00984029 /* SchoolDetailsViewController.swift in Sources */,
				359E208228E9022700984029 /* DispatchQueueExtension.swift in Sources */,
				359E207628E8BE4E00984029 /* DecodableDefaults.swift in Sources */,
				359E207B28E8F8F600984029 /* SchoolListHeaderView.swift in Sources */,
				35D7BCE028E733FA001F4A8E /* ViewController.swift in Sources */,
				359E207D28E8F92500984029 /* MySchoolTableCell.swift in Sources */,
				35D7BCDC28E733FA001F4A8E /* AppDelegate.swift in Sources */,
				35D7BCDE28E733FA001F4A8E /* SceneDelegate.swift in Sources */,
			);
			runOnlyForDeploymentPostprocessing = 0;
		};
		35D7BCEA28E733FC001F4A8E /* Sources */ = {
			isa = PBXSourcesBuildPhase;
			buildActionMask = 2147483647;
			files = (
				35D7BCF328E733FC001F4A8E /* NYCSchoolsTests.swift in Sources */,
			);
			runOnlyForDeploymentPostprocessing = 0;
		};
		35D7BCF428E733FC001F4A8E /* Sources */ = {
			isa = PBXSourcesBuildPhase;
			buildActionMask = 2147483647;
			files = (
				35D7BCFD28E733FC001F4A8E /* NYCSchoolsUITests.swift in Sources */,
				35D7BCFF28E733FC001F4A8E /* NYCSchoolsUITestsLaunchTests.swift in Sources */,
			);
			runOnlyForDeploymentPostprocessing = 0;
		};
/* End PBXSourcesBuildPhase section */

/* Begin PBXTargetDependency section */
		35D7BCF028E733FC001F4A8E /* PBXTargetDependency */ = {
			isa = PBXTargetDependency;
			target = 35D7BCD728E733FA001F4A8E /* NYCSchools */;
			targetProxy = 35D7BCEF28E733FC001F4A8E /* PBXContainerItemProxy */;
		};
		35D7BCFA28E733FC001F4A8E /* PBXTargetDependency */ = {
			isa = PBXTargetDependency;
			target = 35D7BCD728E733FA001F4A8E /* NYCSchools */;
			targetProxy = 35D7BCF928E733FC001F4A8E /* PBXContainerItemProxy */;
		};
/* End PBXTargetDependency section */

/* Begin PBXVariantGroup section */
		35D7BCE128E733FA001F4A8E /* Main.storyboard */ = {
			isa = PBXVariantGroup;
			children = (
				35D7BCE228E733FA001F4A8E /* Base */,
			);
			name = Main.storyboard;
			sourceTree = "<group>";
		};
		35D7BCE628E733FC001F4A8E /* LaunchScreen.storyboard */ = {
			isa = PBXVariantGroup;
			children = (
				35D7BCE728E733FC001F4A8E /* Base */,
			);
			name = LaunchScreen.storyboard;
			sourceTree = "<group>";
		};
/* End PBXVariantGroup section */

/* Begin XCBuildConfiguration section */
		35D7BD0028E733FC001F4A8E /* Debug */ = {
			isa = XCBuildConfiguration;
			buildSettings = {
				ALWAYS_SEARCH_USER_PATHS = NO;
				CLANG_ANALYZER_NONNULL = YES;
				CLANG_ANALYZER_NUMBER_OBJECT_CONVERSION = YES_AGGRESSIVE;
				CLANG_CXX_LANGUAGE_STANDARD = "gnu++17";
				CLANG_ENABLE_MODULES = YES;
				CLANG_ENABLE_OBJC_ARC = YES;
				CLANG_ENABLE_OBJC_WEAK = YES;
				CLANG_WARN_BLOCK_CAPTURE_AUTORELEASING = YES;
				CLANG_WARN_BOOL_CONVERSION = YES;
				CLANG_WARN_COMMA = YES;
				CLANG_WARN_CONSTANT_CONVERSION = YES;
				CLANG_WARN_DEPRECATED_OBJC_IMPLEMENTATIONS = YES;
				CLANG_WARN_DIRECT_OBJC_ISA_USAGE = YES_ERROR;
				CLANG_WARN_DOCUMENTATION_COMMENTS = YES;
				CLANG_WARN_EMPTY_BODY = YES;
				CLANG_WARN_ENUM_CONVERSION = YES;
				CLANG_WARN_INFINITE_RECURSION = YES;
				CLANG_WARN_INT_CONVERSION = YES;
				CLANG_WARN_NON_LITERAL_NULL_CONVERSION = YES;
				CLANG_WARN_OBJC_IMPLICIT_RETAIN_SELF = YES;
				CLANG_WARN_OBJC_LITERAL_CONVERSION = YES;
				CLANG_WARN_OBJC_ROOT_CLASS = YES_ERROR;
				CLANG_WARN_QUOTED_INCLUDE_IN_FRAMEWORK_HEADER = YES;
				CLANG_WARN_RANGE_LOOP_ANALYSIS = YES;
				CLANG_WARN_STRICT_PROTOTYPES = YES;
				CLANG_WARN_SUSPICIOUS_MOVE = YES;
				CLANG_WARN_UNGUARDED_AVAILABILITY = YES_AGGRESSIVE;
				CLANG_WARN_UNREACHABLE_CODE = YES;
				CLANG_WARN__DUPLICATE_METHOD_MATCH = YES;
				COPY_PHASE_STRIP = NO;
				DEBUG_INFORMATION_FORMAT = dwarf;
				ENABLE_STRICT_OBJC_MSGSEND = YES;
				ENABLE_TESTABILITY = YES;
				GCC_C_LANGUAGE_STANDARD = gnu11;
				GCC_DYNAMIC_NO_PIC = NO;
				GCC_NO_COMMON_BLOCKS = YES;
				GCC_OPTIMIZATION_LEVEL = 0;
				GCC_PREPROCESSOR_DEFINITIONS = (
					"DEBUG=1",
					"$(inherited)",
				);
				GCC_WARN_64_TO_32_BIT_CONVERSION = YES;
				GCC_WARN_ABOUT_RETURN_TYPE = YES_ERROR;
				GCC_WARN_UNDECLARED_SELECTOR = YES;
				GCC_WARN_UNINITIALIZED_AUTOS = YES_AGGRESSIVE;
				GCC_WARN_UNUSED_FUNCTION = YES;
				GCC_WARN_UNUSED_VARIABLE = YES;
				IPHONEOS_DEPLOYMENT_TARGET = 14.0;
				MTL_ENABLE_DEBUG_INFO = INCLUDE_SOURCE;
				MTL_FAST_MATH = YES;
				ONLY_ACTIVE_ARCH = YES;
				SDKROOT = iphoneos;
				SWIFT_ACTIVE_COMPILATION_CONDITIONS = DEBUG;
				SWIFT_OPTIMIZATION_LEVEL = "-Onone";
			};
			name = Debug;
		};
		35D7BD0128E733FC001F4A8E /* Release */ = {
			isa = XCBuildConfiguration;
			buildSettings = {
				ALWAYS_SEARCH_USER_PATHS = NO;
				CLANG_ANALYZER_NONNULL = YES;
				CLANG_ANALYZER_NUMBER_OBJECT_CONVERSION = YES_AGGRESSIVE;
				CLANG_CXX_LANGUAGE_STANDARD = "gnu++17";
				CLANG_ENABLE_MODULES = YES;
				CLANG_ENABLE_OBJC_ARC = YES;
				CLANG_ENABLE_OBJC_WEAK = YES;
				CLANG_WARN_BLOCK_CAPTURE_AUTORELEASING = YES;
				CLANG_WARN_BOOL_CONVERSION = YES;
				CLANG_WARN_COMMA = YES;
				CLANG_WARN_CONSTANT_CONVERSION = YES;
				CLANG_WARN_DEPRECATED_OBJC_IMPLEMENTATIONS = YES;
				CLANG_WARN_DIRECT_OBJC_ISA_USAGE = YES_ERROR;
				CLANG_WARN_DOCUMENTATION_COMMENTS = YES;
				CLANG_WARN_EMPTY_BODY = YES;
				CLANG_WARN_ENUM_CONVERSION = YES;
				CLANG_WARN_INFINITE_RECURSION = YES;
				CLANG_WARN_INT_CONVERSION = YES;
				CLANG_WARN_NON_LITERAL_NULL_CONVERSION = YES;
				CLANG_WARN_OBJC_IMPLICIT_RETAIN_SELF = YES;
				CLANG_WARN_OBJC_LITERAL_CONVERSION = YES;
				CLANG_WARN_OBJC_ROOT_CLASS = YES_ERROR;
				CLANG_WARN_QUOTED_INCLUDE_IN_FRAMEWORK_HEADER = YES;
				CLANG_WARN_RANGE_LOOP_ANALYSIS = YES;
				CLANG_WARN_STRICT_PROTOTYPES = YES;
				CLANG_WARN_SUSPICIOUS_MOVE = YES;
				CLANG_WARN_UNGUARDED_AVAILABILITY = YES_AGGRESSIVE;
				CLANG_WARN_UNREACHABLE_CODE = YES;
				CLANG_WARN__DUPLICATE_METHOD_MATCH = YES;
				COPY_PHASE_STRIP = NO;
				DEBUG_INFORMATION_FORMAT = "dwarf-with-dsym";
				ENABLE_NS_ASSERTIONS = NO;
				ENABLE_STRICT_OBJC_MSGSEND = YES;
				GCC_C_LANGUAGE_STANDARD = gnu11;
				GCC_NO_COMMON_BLOCKS = YES;
				GCC_WARN_64_TO_32_BIT_CONVERSION = YES;
				GCC_WARN_ABOUT_RETURN_TYPE = YES_ERROR;
				GCC_WARN_UNDECLARED_SELECTOR = YES;
				GCC_WARN_UNINITIALIZED_AUTOS = YES_AGGRESSIVE;
				GCC_WARN_UNUSED_FUNCTION = YES;
				GCC_WARN_UNUSED_VARIABLE = YES;
				IPHONEOS_DEPLOYMENT_TARGET = 14.0;
				MTL_ENABLE_DEBUG_INFO = NO;
				MTL_FAST_MATH = YES;
				SDKROOT = iphoneos;
				SWIFT_COMPILATION_MODE = wholemodule;
				SWIFT_OPTIMIZATION_LEVEL = "-O";
				VALIDATE_PRODUCT = YES;
			};
			name = Release;
		};
		35D7BD0328E733FC001F4A8E /* Debug */ = {
			isa = XCBuildConfiguration;
			buildSettings = {
				ASSETCATALOG_COMPILER_APPICON_NAME = AppIcon;
				ASSETCATALOG_COMPILER_GLOBAL_ACCENT_COLOR_NAME = AccentColor;
				CODE_SIGN_STYLE = Automatic;
				CURRENT_PROJECT_VERSION = 1;
				DEVELOPMENT_TEAM = EPQ79T9G8U;
				GENERATE_INFOPLIST_FILE = YES;
				INFOPLIST_FILE = NYCSchools/Info.plist;
				INFOPLIST_KEY_UIApplicationSupportsIndirectInputEvents = YES;
				INFOPLIST_KEY_UILaunchStoryboardName = LaunchScreen;
				INFOPLIST_KEY_UIMainStoryboardFile = Main;
				INFOPLIST_KEY_UISupportedInterfaceOrientations_iPad = "UIInterfaceOrientationPortrait UIInterfaceOrientationPortraitUpsideDown UIInterfaceOrientationLandscapeLeft UIInterfaceOrientationLandscapeRight";
				INFOPLIST_KEY_UISupportedInterfaceOrientations_iPhone = "UIInterfaceOrientationPortrait UIInterfaceOrientationLandscapeLeft UIInterfaceOrientationLandscapeRight";
				LD_RUNPATH_SEARCH_PATHS = (
					"$(inherited)",
					"@executable_path/Frameworks",
				);
				MARKETING_VERSION = 1.0;
				PRODUCT_BUNDLE_IDENTIFIER = com.mirageapps.NYCSchools;
				PRODUCT_NAME = "$(TARGET_NAME)";
				SWIFT_EMIT_LOC_STRINGS = YES;
				SWIFT_VERSION = 5.0;
				TARGETED_DEVICE_FAMILY = "1,2";
			};
			name = Debug;
		};
		35D7BD0428E733FC001F4A8E /* Release */ = {
			isa = XCBuildConfiguration;
			buildSettings = {
				ASSETCATALOG_COMPILER_APPICON_NAME = AppIcon;
				ASSETCATALOG_COMPILER_GLOBAL_ACCENT_COLOR_NAME = AccentColor;
				CODE_SIGN_STYLE = Automatic;
				CURRENT_PROJECT_VERSION = 1;
				DEVELOPMENT_TEAM = EPQ79T9G8U;
				GENERATE_INFOPLIST_FILE = YES;
				INFOPLIST_FILE = NYCSchools/Info.plist;
				INFOPLIST_KEY_UIApplicationSupportsIndirectInputEvents = YES;
				INFOPLIST_KEY_UILaunchStoryboardName = LaunchScreen;
				INFOPLIST_KEY_UIMainStoryboardFile = Main;
				INFOPLIST_KEY_UISupportedInterfaceOrientations_iPad = "UIInterfaceOrientationPortrait UIInterfaceOrientationPortraitUpsideDown UIInterfaceOrientationLandscapeLeft UIInterfaceOrientationLandscapeRight";
				INFOPLIST_KEY_UISupportedInterfaceOrientations_iPhone = "UIInterfaceOrientationPortrait UIInterfaceOrientationLandscapeLeft UIInterfaceOrientationLandscapeRight";
				LD_RUNPATH_SEARCH_PATHS = (
					"$(inherited)",
					"@executable_path/Frameworks",
				);
				MARKETING_VERSION = 1.0;
				PRODUCT_BUNDLE_IDENTIFIER = com.mirageapps.NYCSchools;
				PRODUCT_NAME = "$(TARGET_NAME)";
				SWIFT_EMIT_LOC_STRINGS = YES;
				SWIFT_VERSION = 5.0;
				TARGETED_DEVICE_FAMILY = "1,2";
			};
			name = Release;
		};
		35D7BD0628E733FC001F4A8E /* Debug */ = {
			isa = XCBuildConfiguration;
			buildSettings = {
				ALWAYS_EMBED_SWIFT_STANDARD_LIBRARIES = YES;
				BUNDLE_LOADER = "$(TEST_HOST)";
				CODE_SIGN_STYLE = Automatic;
				CURRENT_PROJECT_VERSION = 1;
				DEVELOPMENT_TEAM = EPQ79T9G8U;
				GENERATE_INFOPLIST_FILE = YES;
				IPHONEOS_DEPLOYMENT_TARGET = 15.5;
				MARKETING_VERSION = 1.0;
				PRODUCT_BUNDLE_IDENTIFIER = com.mirageapps.NYCSchoolsTests;
				PRODUCT_NAME = "$(TARGET_NAME)";
				SWIFT_EMIT_LOC_STRINGS = NO;
				SWIFT_VERSION = 5.0;
				TARGETED_DEVICE_FAMILY = "1,2";
				TEST_HOST = "$(BUILT_PRODUCTS_DIR)/NYCSchools.app/NYCSchools";
			};
			name = Debug;
		};
		35D7BD0728E733FC001F4A8E /* Release */ = {
			isa = XCBuildConfiguration;
			buildSettings = {
				ALWAYS_EMBED_SWIFT_STANDARD_LIBRARIES = YES;
				BUNDLE_LOADER = "$(TEST_HOST)";
				CODE_SIGN_STYLE = Automatic;
				CURRENT_PROJECT_VERSION = 1;
				DEVELOPMENT_TEAM = EPQ79T9G8U;
				GENERATE_INFOPLIST_FILE = YES;
				IPHONEOS_DEPLOYMENT_TARGET = 15.5;
				MARKETING_VERSION = 1.0;
				PRODUCT_BUNDLE_IDENTIFIER = com.mirageapps.NYCSchoolsTests;
				PRODUCT_NAME = "$(TARGET_NAME)";
				SWIFT_EMIT_LOC_STRINGS = NO;
				SWIFT_VERSION = 5.0;
				TARGETED_DEVICE_FAMILY = "1,2";
				TEST_HOST = "$(BUILT_PRODUCTS_DIR)/NYCSchools.app/NYCSchools";
			};
			name = Release;
		};
		35D7BD0928E733FC001F4A8E /* Debug */ = {
			isa = XCBuildConfiguration;
			buildSettings = {
				ALWAYS_EMBED_SWIFT_STANDARD_LIBRARIES = YES;
				CODE_SIGN_STYLE = Automatic;
				CURRENT_PROJECT_VERSION = 1;
				DEVELOPMENT_TEAM = EPQ79T9G8U;
				GENERATE_INFOPLIST_FILE = YES;
				MARKETING_VERSION = 1.0;
				PRODUCT_BUNDLE_IDENTIFIER = com.mirageapps.NYCSchoolsUITests;
				PRODUCT_NAME = "$(TARGET_NAME)";
				SWIFT_EMIT_LOC_STRINGS = NO;
				SWIFT_VERSION = 5.0;
				TARGETED_DEVICE_FAMILY = "1,2";
				TEST_TARGET_NAME = NYCSchools;
			};
			name = Debug;
		};
		35D7BD0A28E733FC001F4A8E /* Release */ = {
			isa = XCBuildConfiguration;
			buildSettings = {
				ALWAYS_EMBED_SWIFT_STANDARD_LIBRARIES = YES;
				CODE_SIGN_STYLE = Automatic;
				CURRENT_PROJECT_VERSION = 1;
				DEVELOPMENT_TEAM = EPQ79T9G8U;
				GENERATE_INFOPLIST_FILE = YES;
				MARKETING_VERSION = 1.0;
				PRODUCT_BUNDLE_IDENTIFIER = com.mirageapps.NYCSchoolsUITests;
				PRODUCT_NAME = "$(TARGET_NAME)";
				SWIFT_EMIT_LOC_STRINGS = NO;
				SWIFT_VERSION = 5.0;
				TARGETED_DEVICE_FAMILY = "1,2";
				TEST_TARGET_NAME = NYCSchools;
			};
			name = Release;
		};
/* End XCBuildConfiguration section */

/* Begin XCConfigurationList section */
		35D7BCD328E733FA001F4A8E /* Build configuration list for PBXProject "NYCSchools" */ = {
			isa = XCConfigurationList;
			buildConfigurations = (
				35D7BD0028E733FC001F4A8E /* Debug */,
				35D7BD0128E733FC001F4A8E /* Release */,
			);
			defaultConfigurationIsVisible = 0;
			defaultConfigurationName = Release;
		};
		35D7BD0228E733FC001F4A8E /* Build configuration list for PBXNativeTarget "NYCSchools" */ = {
			isa = XCConfigurationList;
			buildConfigurations = (
				35D7BD0328E733FC001F4A8E /* Debug */,
				35D7BD0428E733FC001F4A8E /* Release */,
			);
			defaultConfigurationIsVisible = 0;
			defaultConfigurationName = Release;
		};
		35D7BD0528E733FC001F4A8E /* Build configuration list for PBXNativeTarget "NYCSchoolsTests" */ = {
			isa = XCConfigurationList;
			buildConfigurations = (
				35D7BD0628E733FC001F4A8E /* Debug */,
				35D7BD0728E733FC001F4A8E /* Release */,
			);
			defaultConfigurationIsVisible = 0;
			defaultConfigurationName = Release;
		};
		35D7BD0828E733FC001F4A8E /* Build configuration list for PBXNativeTarget "NYCSchoolsUITests" */ = {
			isa = XCConfigurationList;
			buildConfigurations = (
				35D7BD0928E733FC001F4A8E /* Debug */,
				35D7BD0A28E733FC001F4A8E /* Release */,
			);
			defaultConfigurationIsVisible = 0;
			defaultConfigurationName = Release;
		};
/* End XCConfigurationList section */
	};
	rootObject = 35D7BCD028E733FA001F4A8E /* Project object */;
}
